
Microsoft Visual Studio Solution File, Format Version 12.00
# Visual Studio 15
VisualStudioVersion = 15.0.26730.16
MinimumVisualStudioVersion = 10.0.40219.1
Project("{FAE04EC0-301F-11D3-BF4B-00C04F79EFBC}") = "URLDecode", "URLDecode\URLDecode.csproj", "{0FEFEF53-6674-4F48-A143-4842DB9003A9}"
EndProject
Project("{FAE04EC0-301F-11D3-BF4B-00C04F79EFBC}") = "ValidateURL", "ValidateURL\ValidateURL.csproj", "{F3B99B1A-D55C-464F-92EB-B71ACBBF7E85}"
EndProject
Project("{FAE04EC0-301F-11D3-BF4B-00C04F79EFBC}") = "RequestParser", "RequestParser\RequestParser.csproj", "{5F97C5F7-6C2E-4C43-9A5A-4974CE6F34A9}"
EndProject
Global
	GlobalSection(SolutionConfigurationPlatforms) = preSolution
		Debug|Any CPU = Debug|Any CPU
		Release|Any CPU = Release|Any CPU
	EndGlobalSection
	GlobalSection(ProjectConfigurationPlatforms) = postSolution
		{0FEFEF53-6674-4F48-A143-4842DB9003A9}.Debug|Any CPU.ActiveCfg = Debug|Any CPU
		{0FEFEF53-6674-4F48-A143-4842DB9003A9}.Debug|Any CPU.Build.0 = Debug|Any CPU
		{0FEFEF53-6674-4F48-A143-4842DB9003A9}.Release|Any CPU.ActiveCfg = Release|Any CPU
		{0FEFEF53-6674-4F48-A143-4842DB9003A9}.Release|Any CPU.Build.0 = Release|Any CPU
		{F3B99B1A-D55C-464F-92EB-B71ACBBF7E85}.Debug|Any CPU.ActiveCfg = Debug|Any CPU
		{F3B99B1A-D55C-464F-92EB-B71ACBBF7E85}.Debug|Any CPU.Build.0 = Debug|Any CPU
		{F3B99B1A-D55C-464F-92EB-B71ACBBF7E85}.Release|Any CPU.ActiveCfg = Release|Any CPU
		{F3B99B1A-D55C-464F-92EB-B71ACBBF7E85}.Release|Any CPU.Build.0 = Release|Any CPU
		{5F97C5F7-6C2E-4C43-9A5A-4974CE6F34A9}.Debug|Any CPU.ActiveCfg = Debug|Any CPU
		{5F97C5F7-6C2E-4C43-9A5A-4974CE6F34A9}.Debug|Any CPU.Build.0 = Debug|Any CPU
		{5F97C5F7-6C2E-4C43-9A5A-4974CE6F34A9}.Release|Any CPU.ActiveCfg = Release|Any CPU
		{5F97C5F7-6C2E-4C43-9A5A-4974CE6F34A9}.Release|Any CPU.Build.0 = Release|Any CPU
	EndGlobalSection
	GlobalSection(SolutionProperties) = preSolution
		HideSolutionNode = FALSE
	EndGlobalSection
	GlobalSection(ExtensibilityGlobals) = postSolution
		SolutionGuid = {5FF610E2-8931-487B-8AD4-8DD61A420BE0}
	EndGlobalSection
EndGlobal
