
Microsoft Visual Studio Solution File, Format Version 12.00
# Visual Studio 15
VisualStudioVersion = 15.0.26730.16
MinimumVisualStudioVersion = 10.0.40219.1
Project("{9A19103F-16F7-4668-BE54-9A1E7A4F7556}") = "SchoolCompetition", "SchoolCompetition\SchoolCompetition.csproj", "{5E2BA987-A74A-4BFC-8C16-CA3EC123A72C}"
EndProject
Project("{9A19103F-16F7-4668-BE54-9A1E7A4F7556}") = "OneToManyRelation", "OneToManyRelation\OneToManyRelation.csproj", "{57AEEA17-AFB1-4CB9-9FFA-DBC11DE15C04}"
EndProject
Project("{9A19103F-16F7-4668-BE54-9A1E7A4F7556}") = "SelfReferencedTable", "SelfReferencedTable\SelfReferencedTable.csproj", "{53DC5D78-52C1-4517-82E6-122830A0B9F5}"
EndProject
Project("{9A19103F-16F7-4668-BE54-9A1E7A4F7556}") = "ManyToManyRelation", "ManyToManyRelation\ManyToManyRelation.csproj", "{015398CE-9A1E-4E31-AA10-0B1D8C5D4542}"
EndProject
Project("{9A19103F-16F7-4668-BE54-9A1E7A4F7556}") = "ShopHierarchy", "ShopHierarchy\ShopHierarchy.csproj", "{602C5FB7-4BBE-4070-A664-68BC3153CD1C}"
EndProject
Project("{9A19103F-16F7-4668-BE54-9A1E7A4F7556}") = "ShopHierarchyExtended", "ShopHierarchyExtended\ShopHierarchyExtended.csproj", "{076943B2-3517-427C-99B5-E8107EEDEB8D}"
EndProject
Project("{9A19103F-16F7-4668-BE54-9A1E7A4F7556}") = "ShopHierarchyComplexQuery", "ShopHierarchyComplexQuery\ShopHierarchyComplexQuery.csproj", "{F57FEE83-0A97-43E7-B1B7-E8D97A2740A2}"
EndProject
Project("{9A19103F-16F7-4668-BE54-9A1E7A4F7556}") = "DemoEFCore", "DemoEFCore\DemoEFCore.csproj", "{48266C24-C8F0-467B-8B9C-A4B99B1AD608}"
EndProject
Project("{9A19103F-16F7-4668-BE54-9A1E7A4F7556}") = "DemoDatabaseFirst", "DemoDatabaseFirst\DemoDatabaseFirst.csproj", "{C33456CB-6582-4B34-9BCC-01DB7EDE9F18}"
EndProject
Global
	GlobalSection(SolutionConfigurationPlatforms) = preSolution
		Debug|Any CPU = Debug|Any CPU
		Release|Any CPU = Release|Any CPU
	EndGlobalSection
	GlobalSection(ProjectConfigurationPlatforms) = postSolution
		{5E2BA987-A74A-4BFC-8C16-CA3EC123A72C}.Debug|Any CPU.ActiveCfg = Debug|Any CPU
		{5E2BA987-A74A-4BFC-8C16-CA3EC123A72C}.Debug|Any CPU.Build.0 = Debug|Any CPU
		{5E2BA987-A74A-4BFC-8C16-CA3EC123A72C}.Release|Any CPU.ActiveCfg = Release|Any CPU
		{5E2BA987-A74A-4BFC-8C16-CA3EC123A72C}.Release|Any CPU.Build.0 = Release|Any CPU
		{57AEEA17-AFB1-4CB9-9FFA-DBC11DE15C04}.Debug|Any CPU.ActiveCfg = Debug|Any CPU
		{57AEEA17-AFB1-4CB9-9FFA-DBC11DE15C04}.Debug|Any CPU.Build.0 = Debug|Any CPU
		{57AEEA17-AFB1-4CB9-9FFA-DBC11DE15C04}.Release|Any CPU.ActiveCfg = Release|Any CPU
		{57AEEA17-AFB1-4CB9-9FFA-DBC11DE15C04}.Release|Any CPU.Build.0 = Release|Any CPU
		{53DC5D78-52C1-4517-82E6-122830A0B9F5}.Debug|Any CPU.ActiveCfg = Debug|Any CPU
		{53DC5D78-52C1-4517-82E6-122830A0B9F5}.Debug|Any CPU.Build.0 = Debug|Any CPU
		{53DC5D78-52C1-4517-82E6-122830A0B9F5}.Release|Any CPU.ActiveCfg = Release|Any CPU
		{53DC5D78-52C1-4517-82E6-122830A0B9F5}.Release|Any CPU.Build.0 = Release|Any CPU
		{015398CE-9A1E-4E31-AA10-0B1D8C5D4542}.Debug|Any CPU.ActiveCfg = Debug|Any CPU
		{015398CE-9A1E-4E31-AA10-0B1D8C5D4542}.Debug|Any CPU.Build.0 = Debug|Any CPU
		{015398CE-9A1E-4E31-AA10-0B1D8C5D4542}.Release|Any CPU.ActiveCfg = Release|Any CPU
		{015398CE-9A1E-4E31-AA10-0B1D8C5D4542}.Release|Any CPU.Build.0 = Release|Any CPU
		{602C5FB7-4BBE-4070-A664-68BC3153CD1C}.Debug|Any CPU.ActiveCfg = Debug|Any CPU
		{602C5FB7-4BBE-4070-A664-68BC3153CD1C}.Debug|Any CPU.Build.0 = Debug|Any CPU
		{602C5FB7-4BBE-4070-A664-68BC3153CD1C}.Release|Any CPU.ActiveCfg = Release|Any CPU
		{602C5FB7-4BBE-4070-A664-68BC3153CD1C}.Release|Any CPU.Build.0 = Release|Any CPU
		{076943B2-3517-427C-99B5-E8107EEDEB8D}.Debug|Any CPU.ActiveCfg = Debug|Any CPU
		{076943B2-3517-427C-99B5-E8107EEDEB8D}.Debug|Any CPU.Build.0 = Debug|Any CPU
		{076943B2-3517-427C-99B5-E8107EEDEB8D}.Release|Any CPU.ActiveCfg = Release|Any CPU
		{076943B2-3517-427C-99B5-E8107EEDEB8D}.Release|Any CPU.Build.0 = Release|Any CPU
		{F57FEE83-0A97-43E7-B1B7-E8D97A2740A2}.Debug|Any CPU.ActiveCfg = Debug|Any CPU
		{F57FEE83-0A97-43E7-B1B7-E8D97A2740A2}.Debug|Any CPU.Build.0 = Debug|Any CPU
		{F57FEE83-0A97-43E7-B1B7-E8D97A2740A2}.Release|Any CPU.ActiveCfg = Release|Any CPU
		{F57FEE83-0A97-43E7-B1B7-E8D97A2740A2}.Release|Any CPU.Build.0 = Release|Any CPU
		{48266C24-C8F0-467B-8B9C-A4B99B1AD608}.Debug|Any CPU.ActiveCfg = Debug|Any CPU
		{48266C24-C8F0-467B-8B9C-A4B99B1AD608}.Debug|Any CPU.Build.0 = Debug|Any CPU
		{48266C24-C8F0-467B-8B9C-A4B99B1AD608}.Release|Any CPU.ActiveCfg = Release|Any CPU
		{48266C24-C8F0-467B-8B9C-A4B99B1AD608}.Release|Any CPU.Build.0 = Release|Any CPU
		{C33456CB-6582-4B34-9BCC-01DB7EDE9F18}.Debug|Any CPU.ActiveCfg = Debug|Any CPU
		{C33456CB-6582-4B34-9BCC-01DB7EDE9F18}.Debug|Any CPU.Build.0 = Debug|Any CPU
		{C33456CB-6582-4B34-9BCC-01DB7EDE9F18}.Release|Any CPU.ActiveCfg = Release|Any CPU
		{C33456CB-6582-4B34-9BCC-01DB7EDE9F18}.Release|Any CPU.Build.0 = Release|Any CPU
	EndGlobalSection
	GlobalSection(SolutionProperties) = preSolution
		HideSolutionNode = FALSE
	EndGlobalSection
	GlobalSection(ExtensibilityGlobals) = postSolution
		SolutionGuid = {6052E59A-994E-4E07-91B9-AB17DD5555FA}
	EndGlobalSection
EndGlobal
