
Microsoft Visual Studio Solution File, Format Version 12.00
# Visual Studio 15
VisualStudioVersion = 15.0.26730.16
MinimumVisualStudioVersion = 10.0.40219.1
Project("{9A19103F-16F7-4668-BE54-9A1E7A4F7556}") = "HandmadeHTTPServer", "HandmadeHTTPServer\HandmadeHTTPServer.csproj", "{E518B8B7-4EF1-421E-A37C-BBF633E7D259}"
EndProject
Global
	GlobalSection(SolutionConfigurationPlatforms) = preSolution
		Debug|Any CPU = Debug|Any CPU
		Release|Any CPU = Release|Any CPU
	EndGlobalSection
	GlobalSection(ProjectConfigurationPlatforms) = postSolution
		{E518B8B7-4EF1-421E-A37C-BBF633E7D259}.Debug|Any CPU.ActiveCfg = Debug|Any CPU
		{E518B8B7-4EF1-421E-A37C-BBF633E7D259}.Debug|Any CPU.Build.0 = Debug|Any CPU
		{E518B8B7-4EF1-421E-A37C-BBF633E7D259}.Release|Any CPU.ActiveCfg = Release|Any CPU
		{E518B8B7-4EF1-421E-A37C-BBF633E7D259}.Release|Any CPU.Build.0 = Release|Any CPU
	EndGlobalSection
	GlobalSection(SolutionProperties) = preSolution
		HideSolutionNode = FALSE
	EndGlobalSection
	GlobalSection(ExtensibilityGlobals) = postSolution
		SolutionGuid = {7F2E92E6-374C-4420-A513-F0A3F8E9C6AF}
	EndGlobalSection
EndGlobal
